<?xml version="1.0" encoding="UTF-8" standalone="yes" ?>
<CodeBlocks_project_file>
	<FileVersion major="1" minor="6" />
	<Project>
		<Option title="LeetCode" />
		<Option pch_mode="2" />
		<Option compiler="gcc" />
		<Build>
			<Target title="Debug">
				<Option output="bin/Debug/LeetCode" prefix_auto="1" extension_auto="1" />
				<Option object_output="obj/Debug/" />
				<Option type="1" />
				<Option compiler="gcc" />
				<Compiler>
					<Add option="-g" />
				</Compiler>
			</Target>
			<Target title="Release">
				<Option output="bin/Release/LeetCode" prefix_auto="1" extension_auto="1" />
				<Option object_output="obj/Release/" />
				<Option type="1" />
				<Option compiler="gcc" />
				<Compiler>
					<Add option="-O2" />
				</Compiler>
				<Linker>
					<Add option="-s" />
				</Linker>
			</Target>
		</Build>
		<Compiler>
			<Add option="-Wall" />
			<Add option="-fexceptions" />
		</Compiler>
		<Unit filename="018_4sum.cpp" />
		<Unit filename="052_N_queens_II.cpp" />
		<Unit filename="087_scramble_string.cpp" />
		<Unit filename="099_recover_binary_search_tree.cpp" />
		<Unit filename="115_distinct_subsequences.cpp" />
		<Unit filename="117_populating_next_right_pointers_in_each_node_II.cpp" />
		<Unit filename="126_word_ladder_II.cpp" />
		<Unit filename="127_word_ladder.cpp" />
		<Unit filename="128_longest_consecutive_sequence.cpp" />
		<Unit filename="133_clone_graph.cpp" />
		<Unit filename="154_find_minimum_in_rotated_sorted_array_II.cpp" />
		<Unit filename="164_maximum_gap.cpp" />
		<Unit filename="179_largest_number.cpp" />
		<Unit filename="187_repeated_DNA_sequence.cpp" />
		<Unit filename="188_best_time_to_buy_and_sell_stock_IV.cpp" />
		<Unit filename="207_course_schedule.cpp" />
		<Unit filename="210_course_schedule_II.cpp" />
		<Unit filename="211_add_and_search_word_data_structure_design.cpp" />
		<Unit filename="220_contains_duplicates.cpp" />
		<Unit filename="224_basic_calculator.cpp" />
		<Unit filename="233_number_of_digit_one.cpp" />
		<Unit filename="239_sliding_window_maximum.cpp" />
		<Unit filename="273_integer_to_english_words.cpp" />
		<Unit filename="282_expression_add_operators.cpp" />
		<Unit filename="287_find_the_duplicate_number.cpp" />
		<Unit filename="287_find_the_duplicate_number.jpg" />
		<Unit filename="304_range_sum_query_immutable.cpp" />
		<Unit filename="306_additive_number.cpp" />
		<Unit filename="310_minimum_height_trees.cpp" />
		<Unit filename="312_burst_ballons.cpp" />
		<Unit filename="352_data_stream_as_disjoint_intervals.cpp" />
		<Unit filename="354_russian_doll_envolopes.cpp" />
		<Unit filename="363_max_sum_of_rectangle_no_larger_than_K.cpp" />
		<Unit filename="365_water_and_jug_problem.cpp" />
		<Unit filename="367_valid_perfect_square.cpp" />
		<Unit filename="368_largest_divisible_subset.cpp" />
		<Unit filename="372_super_pow.cpp" />
		<Unit filename="Leetcode.h" />
		<Unit filename="To-do List.txt" />
		<Unit filename="main.cpp" />
		<Extensions>
			<code_completion />
			<envvars />
			<debugger />
			<lib_finder disable_auto="1" />
		</Extensions>
	</Project>
</CodeBlocks_project_file>
